
Microsoft Visual Studio Solution File, Format Version 12.00
# Visual Studio Version 17
VisualStudioVersion = 17.14.36414.22 d17.14
MinimumVisualStudioVersion = 10.0.40219.1
Project("{FAE04EC0-301F-11D3-BF4B-00C04F79EFBC}") = "pinch-payments_tech-test", "pinch-payments_tech-test.csproj", "{FC6CEC18-6BB5-4190-80AD-57D73800AAE5}"
EndProject
Global
	GlobalSection(SolutionConfigurationPlatforms) = preSolution
		Debug|Any CPU = Debug|Any CPU
		Release|Any CPU = Release|Any CPU
	EndGlobalSection
	GlobalSection(ProjectConfigurationPlatforms) = postSolution
		{FC6CEC18-6BB5-4190-80AD-57D73800AAE5}.Debug|Any CPU.ActiveCfg = Debug|Any CPU
		{FC6CEC18-6BB5-4190-80AD-57D73800AAE5}.Debug|Any CPU.Build.0 = Debug|Any CPU
		{FC6CEC18-6BB5-4190-80AD-57D73800AAE5}.Release|Any CPU.ActiveCfg = Release|Any CPU
		{FC6CEC18-6BB5-4190-80AD-57D73800AAE5}.Release|Any CPU.Build.0 = Release|Any CPU
	EndGlobalSection
	GlobalSection(SolutionProperties) = preSolution
		HideSolutionNode = FALSE
	EndGlobalSection
	GlobalSection(ExtensibilityGlobals) = postSolution
		SolutionGuid = {1A388AE1-2361-4CE0-8004-A4D85129A7E0}
	EndGlobalSection
EndGlobal
